// !$*UTF8*$!
{
	archiveVersion = 1;
	classes = {
	};
	objectVersion = 56;
	objects = {

/* Begin PBXBuildFile section */
		04DF34F429799D7F00860768 /* AppDelegate.swift in Sources */ = {isa = PBXBuildFile; fileRef = 04DF34F329799D7F00860768 /* AppDelegate.swift */; };
		04DF34F629799D7F00860768 /* SceneDelegate.swift in Sources */ = {isa = PBXBuildFile; fileRef = 04DF34F529799D7F00860768 /* SceneDelegate.swift */; };
		04DF34F829799D7F00860768 /* SettingsViewController.swift in Sources */ = {isa = PBXBuildFile; fileRef = 04DF34F729799D7F00860768 /* SettingsViewController.swift */; };
		04DF34FD29799D8000860768 /* Assets.xcassets in Resources */ = {isa = PBXBuildFile; fileRef = 04DF34FC29799D8000860768 /* Assets.xcassets */; };
		04DF350029799D8000860768 /* LaunchScreen.storyboard in Resources */ = {isa = PBXBuildFile; fileRef = 04DF34FE29799D8000860768 /* LaunchScreen.storyboard */; };
		04EBE6732979A0B100D62A6A /* SnapKit in Frameworks */ = {isa = PBXBuildFile; productRef = 04EBE6722979A0B100D62A6A /* SnapKit */; };
		04EBE6752979A0CB00D62A6A /* AdditionalViewController.swift in Sources */ = {isa = PBXBuildFile; fileRef = 04EBE6742979A0CB00D62A6A /* AdditionalViewController.swift */; };
		04EBE6772979A0E800D62A6A /* SettingScreen.swift in Sources */ = {isa = PBXBuildFile; fileRef = 04EBE6762979A0E800D62A6A /* SettingScreen.swift */; };
		04EBE6792979A11000D62A6A /* TitleTableViewCell.swift in Sources */ = {isa = PBXBuildFile; fileRef = 04EBE6782979A11000D62A6A /* TitleTableViewCell.swift */; };
		04EBE67B2979A13500D62A6A /* FamilyTableViewCell.swift in Sources */ = {isa = PBXBuildFile; fileRef = 04EBE67A2979A13500D62A6A /* FamilyTableViewCell.swift */; };
		04EBE67D2979A15D00D62A6A /* SwitchTableViewCell.swift in Sources */ = {isa = PBXBuildFile; fileRef = 04EBE67C2979A15D00D62A6A /* SwitchTableViewCell.swift */; };
		04EBE67F2979A18000D62A6A /* SettingTableViewCell.swift in Sources */ = {isa = PBXBuildFile; fileRef = 04EBE67E2979A18000D62A6A /* SettingTableViewCell.swift */; };
		04EBE6812979A1A700D62A6A /* SubtitleTableViewCell.swift in Sources */ = {isa = PBXBuildFile; fileRef = 04EBE6802979A1A700D62A6A /* SubtitleTableViewCell.swift */; };
		04EBE6832979A1D100D62A6A /* SettingScreenModel.swift in Sources */ = {isa = PBXBuildFile; fileRef = 04EBE6822979A1D100D62A6A /* SettingScreenModel.swift */; };
/* End PBXBuildFile section */

/* Begin PBXFileReference section */
		04DF34F029799D7F00860768 /* SettingScreenHomeWork.app */ = {isa = PBXFileReference; explicitFileType = wrapper.application; includeInIndex = 0; path = SettingScreenHomeWork.app; sourceTree = BUILT_PRODUCTS_DIR; };
		04DF34F329799D7F00860768 /* AppDelegate.swift */ = {isa = PBXFileReference; lastKnownFileType = sourcecode.swift; path = AppDelegate.swift; sourceTree = "<group>"; };
		04DF34F529799D7F00860768 /* SceneDelegate.swift */ = {isa = PBXFileReference; lastKnownFileType = sourcecode.swift; path = SceneDelegate.swift; sourceTree = "<group>"; };
		04DF34F729799D7F00860768 /* SettingsViewController.swift */ = {isa = PBXFileReference; lastKnownFileType = sourcecode.swift; path = SettingsViewController.swift; sourceTree = "<group>"; };
		04DF34FC29799D8000860768 /* Assets.xcassets */ = {isa = PBXFileReference; lastKnownFileType = folder.assetcatalog; path = Assets.xcassets; sourceTree = "<group>"; };
		04DF34FF29799D8000860768 /* Base */ = {isa = PBXFileReference; lastKnownFileType = file.storyboard; name = Base; path = Base.lproj/LaunchScreen.storyboard; sourceTree = "<group>"; };
		04DF350129799D8000860768 /* Info.plist */ = {isa = PBXFileReference; lastKnownFileType = text.plist.xml; path = Info.plist; sourceTree = "<group>"; };
		04EBE6742979A0CB00D62A6A /* AdditionalViewController.swift */ = {isa = PBXFileReference; lastKnownFileType = sourcecode.swift; path = AdditionalViewController.swift; sourceTree = "<group>"; };
		04EBE6762979A0E800D62A6A /* SettingScreen.swift */ = {isa = PBXFileReference; lastKnownFileType = sourcecode.swift; path = SettingScreen.swift; sourceTree = "<group>"; };
		04EBE6782979A11000D62A6A /* TitleTableViewCell.swift */ = {isa = PBXFileReference; lastKnownFileType = sourcecode.swift; path = TitleTableViewCell.swift; sourceTree = "<group>"; };
		04EBE67A2979A13500D62A6A /* FamilyTableViewCell.swift */ = {isa = PBXFileReference; lastKnownFileType = sourcecode.swift; path = FamilyTableViewCell.swift; sourceTree = "<group>"; };
		04EBE67C2979A15D00D62A6A /* SwitchTableViewCell.swift */ = {isa = PBXFileReference; lastKnownFileType = sourcecode.swift; path = SwitchTableViewCell.swift; sourceTree = "<group>"; };
		04EBE67E2979A18000D62A6A /* SettingTableViewCell.swift */ = {isa = PBXFileReference; lastKnownFileType = sourcecode.swift; path = SettingTableViewCell.swift; sourceTree = "<group>"; };
		04EBE6802979A1A700D62A6A /* SubtitleTableViewCell.swift */ = {isa = PBXFileReference; lastKnownFileType = sourcecode.swift; path = SubtitleTableViewCell.swift; sourceTree = "<group>"; };
		04EBE6822979A1D100D62A6A /* SettingScreenModel.swift */ = {isa = PBXFileReference; lastKnownFileType = sourcecode.swift; path = SettingScreenModel.swift; sourceTree = "<group>"; };
/* End PBXFileReference section */

/* Begin PBXFrameworksBuildPhase section */
		04DF34ED29799D7F00860768 /* Frameworks */ = {
			isa = PBXFrameworksBuildPhase;
			buildActionMask = 2147483647;
			files = (
				04EBE6732979A0B100D62A6A /* SnapKit in Frameworks */,
			);
			runOnlyForDeploymentPostprocessing = 0;
		};
/* End PBXFrameworksBuildPhase section */

/* Begin PBXGroup section */
		04B4127829B123E00020E174 /* Scenes */ = {
			isa = PBXGroup;
			children = (
				04B4127C29B124710020E174 /* Model */,
				04B4127B29B1246C0020E174 /* View */,
				04B4127A29B124610020E174 /* Controller */,
			);
			path = Scenes;
			sourceTree = "<group>";
		};
		04B4127A29B124610020E174 /* Controller */ = {
			isa = PBXGroup;
			children = (
				04DF34F729799D7F00860768 /* SettingsViewController.swift */,
				04EBE6742979A0CB00D62A6A /* AdditionalViewController.swift */,
			);
			path = Controller;
			sourceTree = "<group>";
		};
		04B4127B29B1246C0020E174 /* View */ = {
			isa = PBXGroup;
			children = (
				04EBE6802979A1A700D62A6A /* SubtitleTableViewCell.swift */,
				04EBE67E2979A18000D62A6A /* SettingTableViewCell.swift */,
				04EBE67C2979A15D00D62A6A /* SwitchTableViewCell.swift */,
				04EBE67A2979A13500D62A6A /* FamilyTableViewCell.swift */,
				04EBE6782979A11000D62A6A /* TitleTableViewCell.swift */,
			);
			path = View;
			sourceTree = "<group>";
		};
		04B4127C29B124710020E174 /* Model */ = {
			isa = PBXGroup;
			children = (
				04EBE6822979A1D100D62A6A /* SettingScreenModel.swift */,
				04EBE6762979A0E800D62A6A /* SettingScreen.swift */,
			);
			path = Model;
			sourceTree = "<group>";
		};
		04DF34E729799D7F00860768 = {
			isa = PBXGroup;
			children = (
				04DF34F229799D7F00860768 /* SettingScreenHomeWork */,
				04DF34F129799D7F00860768 /* Products */,
			);
			sourceTree = "<group>";
		};
		04DF34F129799D7F00860768 /* Products */ = {
			isa = PBXGroup;
			children = (
				04DF34F029799D7F00860768 /* SettingScreenHomeWork.app */,
			);
			name = Products;
			sourceTree = "<group>";
		};
		04DF34F229799D7F00860768 /* SettingScreenHomeWork */ = {
			isa = PBXGroup;
			children = (
				04DF350729799DE100860768 /* Sources */,
				04DF350829799DFB00860768 /* Resources */,
			);
			path = SettingScreenHomeWork;
			sourceTree = "<group>";
		};
		04DF350729799DE100860768 /* Sources */ = {
			isa = PBXGroup;
			children = (
				04B4127829B123E00020E174 /* Scenes */,
				04DF350A29799E2B00860768 /* App */,
			);
			path = Sources;
			sourceTree = "<group>";
		};
		04DF350829799DFB00860768 /* Resources */ = {
			isa = PBXGroup;
			children = (
				04DF34FC29799D8000860768 /* Assets.xcassets */,
				04DF34FE29799D8000860768 /* LaunchScreen.storyboard */,
				04DF350129799D8000860768 /* Info.plist */,
			);
			path = Resources;
			sourceTree = "<group>";
		};
		04DF350A29799E2B00860768 /* App */ = {
			isa = PBXGroup;
			children = (
				04DF34F329799D7F00860768 /* AppDelegate.swift */,
				04DF34F529799D7F00860768 /* SceneDelegate.swift */,
			);
			path = App;
			sourceTree = "<group>";
		};
/* End PBXGroup section */

/* Begin PBXNativeTarget section */
		04DF34EF29799D7F00860768 /* SettingScreenHomeWork */ = {
			isa = PBXNativeTarget;
			buildConfigurationList = 04DF350429799D8000860768 /* Build configuration list for PBXNativeTarget "SettingScreenHomeWork" */;
			buildPhases = (
				04DF34EC29799D7F00860768 /* Sources */,
				04DF34ED29799D7F00860768 /* Frameworks */,
				04DF34EE29799D7F00860768 /* Resources */,
			);
			buildRules = (
			);
			dependencies = (
			);
			name = SettingScreenHomeWork;
			packageProductDependencies = (
				04EBE6722979A0B100D62A6A /* SnapKit */,
			);
			productName = SettingScreenHomeWork;
			productReference = 04DF34F029799D7F00860768 /* SettingScreenHomeWork.app */;
			productType = "com.apple.product-type.application";
		};
/* End PBXNativeTarget section */

/* Begin PBXProject section */
		04DF34E829799D7F00860768 /* Project object */ = {
			isa = PBXProject;
			attributes = {
				BuildIndependentTargetsInParallel = 1;
				LastSwiftUpdateCheck = 1420;
				LastUpgradeCheck = 1420;
				TargetAttributes = {
					04DF34EF29799D7F00860768 = {
						CreatedOnToolsVersion = 14.2;
					};
				};
			};
			buildConfigurationList = 04DF34EB29799D7F00860768 /* Build configuration list for PBXProject "SettingScreenHomeWork" */;
			compatibilityVersion = "Xcode 14.0";
			developmentRegion = en;
			hasScannedForEncodings = 0;
			knownRegions = (
				en,
				Base,
			);
			mainGroup = 04DF34E729799D7F00860768;
			packageReferences = (
				04EBE6712979A0B100D62A6A /* XCRemoteSwiftPackageReference "SnapKit" */,
			);
			productRefGroup = 04DF34F129799D7F00860768 /* Products */;
			projectDirPath = "";
			projectRoot = "";
			targets = (
				04DF34EF29799D7F00860768 /* SettingScreenHomeWork */,
			);
		};
/* End PBXProject section */

/* Begin PBXResourcesBuildPhase section */
		04DF34EE29799D7F00860768 /* Resources */ = {
			isa = PBXResourcesBuildPhase;
			buildActionMask = 2147483647;
			files = (
				04DF350029799D8000860768 /* LaunchScreen.storyboard in Resources */,
				04DF34FD29799D8000860768 /* Assets.xcassets in Resources */,
			);
			runOnlyForDeploymentPostprocessing = 0;
		};
/* End PBXResourcesBuildPhase section */

/* Begin PBXSourcesBuildPhase section */
		04DF34EC29799D7F00860768 /* Sources */ = {
			isa = PBXSourcesBuildPhase;
			buildActionMask = 2147483647;
			files = (
				04EBE6792979A11000D62A6A /* TitleTableViewCell.swift in Sources */,
				04EBE67B2979A13500D62A6A /* FamilyTableViewCell.swift in Sources */,
				04DF34F829799D7F00860768 /* SettingsViewController.swift in Sources */,
				04EBE6752979A0CB00D62A6A /* AdditionalViewController.swift in Sources */,
				04EBE6812979A1A700D62A6A /* SubtitleTableViewCell.swift in Sources */,
				04DF34F429799D7F00860768 /* AppDelegate.swift in Sources */,
				04EBE6832979A1D100D62A6A /* SettingScreenModel.swift in Sources */,
				04EBE67D2979A15D00D62A6A /* SwitchTableViewCell.swift in Sources */,
				04EBE67F2979A18000D62A6A /* SettingTableViewCell.swift in Sources */,
				04EBE6772979A0E800D62A6A /* SettingScreen.swift in Sources */,
				04DF34F629799D7F00860768 /* SceneDelegate.swift in Sources */,
			);
			runOnlyForDeploymentPostprocessing = 0;
		};
/* End PBXSourcesBuildPhase section */

/* Begin PBXVariantGroup section */
		04DF34FE29799D8000860768 /* LaunchScreen.storyboard */ = {
			isa = PBXVariantGroup;
			children = (
				04DF34FF29799D8000860768 /* Base */,
			);
			name = LaunchScreen.storyboard;
			sourceTree = "<group>";
		};
/* End PBXVariantGroup section */

/* Begin XCBuildConfiguration section */
		04DF350229799D8000860768 /* Debug */ = {
			isa = XCBuildConfiguration;
			buildSettings = {
				ALWAYS_SEARCH_USER_PATHS = NO;
				CLANG_ANALYZER_NONNULL = YES;
				CLANG_ANALYZER_NUMBER_OBJECT_CONVERSION = YES_AGGRESSIVE;
				CLANG_CXX_LANGUAGE_STANDARD = "gnu++20";
				CLANG_ENABLE_MODULES = YES;
				CLANG_ENABLE_OBJC_ARC = YES;
				CLANG_ENABLE_OBJC_WEAK = YES;
				CLANG_WARN_BLOCK_CAPTURE_AUTORELEASING = YES;
				CLANG_WARN_BOOL_CONVERSION = YES;
				CLANG_WARN_COMMA = YES;
				CLANG_WARN_CONSTANT_CONVERSION = YES;
				CLANG_WARN_DEPRECATED_OBJC_IMPLEMENTATIONS = YES;
				CLANG_WARN_DIRECT_OBJC_ISA_USAGE = YES_ERROR;
				CLANG_WARN_DOCUMENTATION_COMMENTS = YES;
				CLANG_WARN_EMPTY_BODY = YES;
				CLANG_WARN_ENUM_CONVERSION = YES;
				CLANG_WARN_INFINITE_RECURSION = YES;
				CLANG_WARN_INT_CONVERSION = YES;
				CLANG_WARN_NON_LITERAL_NULL_CONVERSION = YES;
				CLANG_WARN_OBJC_IMPLICIT_RETAIN_SELF = YES;
				CLANG_WARN_OBJC_LITERAL_CONVERSION = YES;
				CLANG_WARN_OBJC_ROOT_CLASS = YES_ERROR;
				CLANG_WARN_QUOTED_INCLUDE_IN_FRAMEWORK_HEADER = YES;
				CLANG_WARN_RANGE_LOOP_ANALYSIS = YES;
				CLANG_WARN_STRICT_PROTOTYPES = YES;
				CLANG_WARN_SUSPICIOUS_MOVE = YES;
				CLANG_WARN_UNGUARDED_AVAILABILITY = YES_AGGRESSIVE;
				CLANG_WARN_UNREACHABLE_CODE = YES;
				CLANG_WARN__DUPLICATE_METHOD_MATCH = YES;
				COPY_PHASE_STRIP = NO;
				DEBUG_INFORMATION_FORMAT = dwarf;
				ENABLE_STRICT_OBJC_MSGSEND = YES;
				ENABLE_TESTABILITY = YES;
				GCC_C_LANGUAGE_STANDARD = gnu11;
				GCC_DYNAMIC_NO_PIC = NO;
				GCC_NO_COMMON_BLOCKS = YES;
				GCC_OPTIMIZATION_LEVEL = 0;
				GCC_PREPROCESSOR_DEFINITIONS = (
					"DEBUG=1",
					"$(inherited)",
				);
				GCC_WARN_64_TO_32_BIT_CONVERSION = YES;
				GCC_WARN_ABOUT_RETURN_TYPE = YES_ERROR;
				GCC_WARN_UNDECLARED_SELECTOR = YES;
				GCC_WARN_UNINITIALIZED_AUTOS = YES_AGGRESSIVE;
				GCC_WARN_UNUSED_FUNCTION = YES;
				GCC_WARN_UNUSED_VARIABLE = YES;
				IPHONEOS_DEPLOYMENT_TARGET = 16.2;
				MTL_ENABLE_DEBUG_INFO = INCLUDE_SOURCE;
				MTL_FAST_MATH = YES;
				ONLY_ACTIVE_ARCH = YES;
				SDKROOT = iphoneos;
				SWIFT_ACTIVE_COMPILATION_CONDITIONS = DEBUG;
				SWIFT_OPTIMIZATION_LEVEL = "-Onone";
			};
			name = Debug;
		};
		04DF350329799D8000860768 /* Release */ = {
			isa = XCBuildConfiguration;
			buildSettings = {
				ALWAYS_SEARCH_USER_PATHS = NO;
				CLANG_ANALYZER_NONNULL = YES;
				CLANG_ANALYZER_NUMBER_OBJECT_CONVERSION = YES_AGGRESSIVE;
				CLANG_CXX_LANGUAGE_STANDARD = "gnu++20";
				CLANG_ENABLE_MODULES = YES;
				CLANG_ENABLE_OBJC_ARC = YES;
				CLANG_ENABLE_OBJC_WEAK = YES;
				CLANG_WARN_BLOCK_CAPTURE_AUTORELEASING = YES;
				CLANG_WARN_BOOL_CONVERSION = YES;
				CLANG_WARN_COMMA = YES;
				CLANG_WARN_CONSTANT_CONVERSION = YES;
				CLANG_WARN_DEPRECATED_OBJC_IMPLEMENTATIONS = YES;
				CLANG_WARN_DIRECT_OBJC_ISA_USAGE = YES_ERROR;
				CLANG_WARN_DOCUMENTATION_COMMENTS = YES;
				CLANG_WARN_EMPTY_BODY = YES;
				CLANG_WARN_ENUM_CONVERSION = YES;
				CLANG_WARN_INFINITE_RECURSION = YES;
				CLANG_WARN_INT_CONVERSION = YES;
				CLANG_WARN_NON_LITERAL_NULL_CONVERSION = YES;
				CLANG_WARN_OBJC_IMPLICIT_RETAIN_SELF = YES;
				CLANG_WARN_OBJC_LITERAL_CONVERSION = YES;
				CLANG_WARN_OBJC_ROOT_CLASS = YES_ERROR;
				CLANG_WARN_QUOTED_INCLUDE_IN_FRAMEWORK_HEADER = YES;
				CLANG_WARN_RANGE_LOOP_ANALYSIS = YES;
				CLANG_WARN_STRICT_PROTOTYPES = YES;
				CLANG_WARN_SUSPICIOUS_MOVE = YES;
				CLANG_WARN_UNGUARDED_AVAILABILITY = YES_AGGRESSIVE;
				CLANG_WARN_UNREACHABLE_CODE = YES;
				CLANG_WARN__DUPLICATE_METHOD_MATCH = YES;
				COPY_PHASE_STRIP = NO;
				DEBUG_INFORMATION_FORMAT = "dwarf-with-dsym";
				ENABLE_NS_ASSERTIONS = NO;
				ENABLE_STRICT_OBJC_MSGSEND = YES;
				GCC_C_LANGUAGE_STANDARD = gnu11;
				GCC_NO_COMMON_BLOCKS = YES;
				GCC_WARN_64_TO_32_BIT_CONVERSION = YES;
				GCC_WARN_ABOUT_RETURN_TYPE = YES_ERROR;
				GCC_WARN_UNDECLARED_SELECTOR = YES;
				GCC_WARN_UNINITIALIZED_AUTOS = YES_AGGRESSIVE;
				GCC_WARN_UNUSED_FUNCTION = YES;
				GCC_WARN_UNUSED_VARIABLE = YES;
				IPHONEOS_DEPLOYMENT_TARGET = 16.2;
				MTL_ENABLE_DEBUG_INFO = NO;
				MTL_FAST_MATH = YES;
				SDKROOT = iphoneos;
				SWIFT_COMPILATION_MODE = wholemodule;
				SWIFT_OPTIMIZATION_LEVEL = "-O";
				VALIDATE_PRODUCT = YES;
			};
			name = Release;
		};
		04DF350529799D8000860768 /* Debug */ = {
			isa = XCBuildConfiguration;
			buildSettings = {
				ASSETCATALOG_COMPILER_APPICON_NAME = AppIcon;
				ASSETCATALOG_COMPILER_GLOBAL_ACCENT_COLOR_NAME = AccentColor;
				CODE_SIGN_STYLE = Automatic;
				CURRENT_PROJECT_VERSION = 1;
				DEVELOPMENT_TEAM = TBKRN76F6S;
				GENERATE_INFOPLIST_FILE = YES;
				INFOPLIST_FILE = SettingScreenHomeWork/Resources/Info.plist;
				INFOPLIST_KEY_UIApplicationSupportsIndirectInputEvents = YES;
				INFOPLIST_KEY_UILaunchStoryboardName = LaunchScreen;
				INFOPLIST_KEY_UISupportedInterfaceOrientations_iPad = "UIInterfaceOrientationPortrait UIInterfaceOrientationPortraitUpsideDown UIInterfaceOrientationLandscapeLeft UIInterfaceOrientationLandscapeRight";
				INFOPLIST_KEY_UISupportedInterfaceOrientations_iPhone = "UIInterfaceOrientationPortrait UIInterfaceOrientationLandscapeLeft UIInterfaceOrientationLandscapeRight";
				LD_RUNPATH_SEARCH_PATHS = (
					"$(inherited)",
					"@executable_path/Frameworks",
				);
				MARKETING_VERSION = 1.0;
				PRODUCT_BUNDLE_IDENTIFIER = VitaliyMolokov.SettingScreenHomeWork;
				PRODUCT_NAME = "$(TARGET_NAME)";
				SWIFT_EMIT_LOC_STRINGS = YES;
				SWIFT_VERSION = 5.0;
				TARGETED_DEVICE_FAMILY = "1,2";
			};
			name = Debug;
		};
		04DF350629799D8000860768 /* Release */ = {
			isa = XCBuildConfiguration;
			buildSettings = {
				ASSETCATALOG_COMPILER_APPICON_NAME = AppIcon;
				ASSETCATALOG_COMPILER_GLOBAL_ACCENT_COLOR_NAME = AccentColor;
				CODE_SIGN_STYLE = Automatic;
				CURRENT_PROJECT_VERSION = 1;
				DEVELOPMENT_TEAM = TBKRN76F6S;
				GENERATE_INFOPLIST_FILE = YES;
				INFOPLIST_FILE = SettingScreenHomeWork/Resources/Info.plist;
				INFOPLIST_KEY_UIApplicationSupportsIndirectInputEvents = YES;
				INFOPLIST_KEY_UILaunchStoryboardName = LaunchScreen;
				INFOPLIST_KEY_UISupportedInterfaceOrientations_iPad = "UIInterfaceOrientationPortrait UIInterfaceOrientationPortraitUpsideDown UIInterfaceOrientationLandscapeLeft UIInterfaceOrientationLandscapeRight";
				INFOPLIST_KEY_UISupportedInterfaceOrientations_iPhone = "UIInterfaceOrientationPortrait UIInterfaceOrientationLandscapeLeft UIInterfaceOrientationLandscapeRight";
				LD_RUNPATH_SEARCH_PATHS = (
					"$(inherited)",
					"@executable_path/Frameworks",
				);
				MARKETING_VERSION = 1.0;
				PRODUCT_BUNDLE_IDENTIFIER = VitaliyMolokov.SettingScreenHomeWork;
				PRODUCT_NAME = "$(TARGET_NAME)";
				SWIFT_EMIT_LOC_STRINGS = YES;
				SWIFT_VERSION = 5.0;
				TARGETED_DEVICE_FAMILY = "1,2";
			};
			name = Release;
		};
/* End XCBuildConfiguration section */

/* Begin XCConfigurationList section */
		04DF34EB29799D7F00860768 /* Build configuration list for PBXProject "SettingScreenHomeWork" */ = {
			isa = XCConfigurationList;
			buildConfigurations = (
				04DF350229799D8000860768 /* Debug */,
				04DF350329799D8000860768 /* Release */,
			);
			defaultConfigurationIsVisible = 0;
			defaultConfigurationName = Release;
		};
		04DF350429799D8000860768 /* Build configuration list for PBXNativeTarget "SettingScreenHomeWork" */ = {
			isa = XCConfigurationList;
			buildConfigurations = (
				04DF350529799D8000860768 /* Debug */,
				04DF350629799D8000860768 /* Release */,
			);
			defaultConfigurationIsVisible = 0;
			defaultConfigurationName = Release;
		};
/* End XCConfigurationList section */

/* Begin XCRemoteSwiftPackageReference section */
		04EBE6712979A0B100D62A6A /* XCRemoteSwiftPackageReference "SnapKit" */ = {
			isa = XCRemoteSwiftPackageReference;
			repositoryURL = "https://github.com/SnapKit/SnapKit";
			requirement = {
				branch = develop;
				kind = branch;
			};
		};
/* End XCRemoteSwiftPackageReference section */

/* Begin XCSwiftPackageProductDependency section */
		04EBE6722979A0B100D62A6A /* SnapKit */ = {
			isa = XCSwiftPackageProductDependency;
			package = 04EBE6712979A0B100D62A6A /* XCRemoteSwiftPackageReference "SnapKit" */;
			productName = SnapKit;
		};
/* End XCSwiftPackageProductDependency section */
	};
	rootObject = 04DF34E829799D7F00860768 /* Project object */;
}
